<?xml version="1.0" encoding="UTF-8" standalone="yes" ?>
<CodeBlocks_project_file>
	<FileVersion major="1" minor="6" />
	<Project>
		<Option title="proiectpoo" />
		<Option pch_mode="2" />
		<Option compiler="gcc" />
		<Build>
			<Target title="Debug">
				<Option output="bin/Debug/proiectpoo" prefix_auto="1" extension_auto="1" />
				<Option object_output="obj/Debug/" />
				<Option type="1" />
				<Option compiler="gcc" />
				<Compiler>
					<Add option="-g" />
				</Compiler>
			</Target>
			<Target title="Release">
				<Option output="bin/Release/proiectpoo" prefix_auto="1" extension_auto="1" />
				<Option object_output="obj/Release/" />
				<Option type="1" />
				<Option compiler="gcc" />
				<Compiler>
					<Add option="-O2" />
				</Compiler>
				<Linker>
					<Add option="-s" />
				</Linker>
			</Target>
		</Build>
		<Compiler>
			<Add option="-Wall" />
			<Add option="-fexceptions" />
		</Compiler>
		<Unit filename="Activity.cpp" />
		<Unit filename="Activity.h" />
		<Unit filename="ActivityRep.cpp" />
		<Unit filename="ActivityRep.h" />
		<Unit filename="ActivityRole.cpp" />
		<Unit filename="ActivityRole.h" />
		<Unit filename="AdminRole.cpp" />
		<Unit filename="AdminRole.h" />
		<Unit filename="PersonRep.cpp" />
		<Unit filename="PersonRep.h" />
		<Unit filename="Role.cpp" />
		<Unit filename="Role.h" />
		<Unit filename="Room.cpp" />
		<Unit filename="Room.h" />
		<Unit filename="RoomRep.cpp" />
		<Unit filename="RoomRep.h" />
		<Unit filename="StudentRole.cpp" />
		<Unit filename="StudentRole.h" />
		<Unit filename="TeacherRole.cpp" />
		<Unit filename="TeacherRole.h" />
		<Unit filename="main.cpp" />
		<Unit filename="person.cpp" />
		<Unit filename="person.h" />
		<Extensions>
			<code_completion />
			<envvars />
			<debugger />
			<lib_finder disable_auto="1" />
		</Extensions>
	</Project>
</CodeBlocks_project_file>
